
Microsoft Visual Studio Solution File, Format Version 12.00
# Visual Studio Version 17
VisualStudioVersion = 17.3.32922.545
MinimumVisualStudioVersion = 10.0.40219.1
Project("{FAE04EC0-301F-11D3-BF4B-00C04F79EFBC}") = "Football", "Football\Football.csproj", "{104943F3-FB5E-4CA1-82DB-5728B72322CE}"
EndProject
Global
	GlobalSection(SolutionConfigurationPlatforms) = preSolution
		Debug|Any CPU = Debug|Any CPU
		Release|Any CPU = Release|Any CPU
	EndGlobalSection
	GlobalSection(ProjectConfigurationPlatforms) = postSolution
		{104943F3-FB5E-4CA1-82DB-5728B72322CE}.Debug|Any CPU.ActiveCfg = Debug|Any CPU
		{104943F3-FB5E-4CA1-82DB-5728B72322CE}.Debug|Any CPU.Build.0 = Debug|Any CPU
		{104943F3-FB5E-4CA1-82DB-5728B72322CE}.Release|Any CPU.ActiveCfg = Release|Any CPU
		{104943F3-FB5E-4CA1-82DB-5728B72322CE}.Release|Any CPU.Build.0 = Release|Any CPU
	EndGlobalSection
	GlobalSection(SolutionProperties) = preSolution
		HideSolutionNode = FALSE
	EndGlobalSection
	GlobalSection(ExtensibilityGlobals) = postSolution
		SolutionGuid = {9FDF5848-06B9-43B3-B286-2F4BC09DF74D}
	EndGlobalSection
EndGlobal
